{
  "sources": {
    "metabase": {
      "path": "."
    },
    "postgresql": {
      "locked_version": "3.0.1",
      "git": "git@github.com:tobyhede/postgresql.git",
      "ref": "16b4019f58c75045eed4e82d64292c1ba3293a60"
    },
    "cassandra": {
      "locked_version": "1.0.0",
      "git": "git@github.com:tobyhede/cassandra-chef-cookbook.git",
      "ref": "c1bec55294798ed34134de25d31c2104b30e144a"
    },
    "apt": {
      "locked_version": "2.0.0"
    },
    "build-essential": {
      "locked_version": "1.4.0"
    },
    "openssl": {
      "locked_version": "1.0.0"
    },
    "java": {
      "locked_version": "1.13.0"
    },
    "windows": {
      "locked_version": "1.10.0"
    },
    "chef_handler": {
      "locked_version": "1.1.4"
    }
  }
}
