{
  "sources": {
    "metabase": {
      "path": "."
    },
    "postgresql": {
      "locked_version": "3.0.1",
      "git": "git@github.com:tobyhede/postgresql.git",
      "ref": "16b4019f58c75045eed4e82d64292c1ba3293a60"
    },
    "cassandra": {
      "locked_version": "1.0.0",
      "git": "git@github.com:tobyhede/cassandra-chef-cookbook.git",
      "ref": "e447e3c15ef3cd05e1e57f9485be2fd66bb41231"
    },
    "java": {
      "locked_version": "1.13.1",
      "git": "git@github.com:opscode-cookbooks/java.git",
      "ref": "c6ef8a7d938edff1c8ac5c1af24026575d32af8c"
    },
    "apt": {
      "locked_version": "2.0.0"
    },
    "build-essential": {
      "locked_version": "1.4.0"
    },
    "openssl": {
      "locked_version": "1.0.0"
    },
    "windows": {
      "locked_version": "1.10.0"
    },
    "chef_handler": {
      "locked_version": "1.1.4"
    },
    "aws": {
      "locked_version": "0.101.2"
    }
  }
}
